
Microsoft Visual Studio Solution File, Format Version 12.00
# Visual Studio 14
VisualStudioVersion = 14.0.24720.0
MinimumVisualStudioVersion = 10.0.40219.1
Project("{FAE04EC0-301F-11D3-BF4B-00C04F79EFBC}") = "Bank", "Bank\Bank.csproj", "{38E394D5-D2B0-4C4E-860E-AC9C793F2924}"
EndProject
Project("{FAE04EC0-301F-11D3-BF4B-00C04F79EFBC}") = "BankTests", "BankTests\BankTests.csproj", "{56BF5866-5F60-42A0-A25F-89293FC484BC}"
EndProject
Global
	GlobalSection(SolutionConfigurationPlatforms) = preSolution
		Debug|Any CPU = Debug|Any CPU
		Release|Any CPU = Release|Any CPU
	EndGlobalSection
	GlobalSection(ProjectConfigurationPlatforms) = postSolution
		{38E394D5-D2B0-4C4E-860E-AC9C793F2924}.Debug|Any CPU.ActiveCfg = Debug|Any CPU
		{38E394D5-D2B0-4C4E-860E-AC9C793F2924}.Debug|Any CPU.Build.0 = Debug|Any CPU
		{38E394D5-D2B0-4C4E-860E-AC9C793F2924}.Release|Any CPU.ActiveCfg = Release|Any CPU
		{38E394D5-D2B0-4C4E-860E-AC9C793F2924}.Release|Any CPU.Build.0 = Release|Any CPU
		{56BF5866-5F60-42A0-A25F-89293FC484BC}.Debug|Any CPU.ActiveCfg = Debug|Any CPU
		{56BF5866-5F60-42A0-A25F-89293FC484BC}.Debug|Any CPU.Build.0 = Debug|Any CPU
		{56BF5866-5F60-42A0-A25F-89293FC484BC}.Release|Any CPU.ActiveCfg = Release|Any CPU
		{56BF5866-5F60-42A0-A25F-89293FC484BC}.Release|Any CPU.Build.0 = Release|Any CPU
	EndGlobalSection
	GlobalSection(SolutionProperties) = preSolution
		HideSolutionNode = FALSE
	EndGlobalSection
EndGlobal
